{
    "_readme": [
        "This file locks the dependencies of your project to a known state",
        "Read more about it at https://getcomposer.org/doc/01-basic-usage.md#installing-dependencies",
        "This file is @generated automatically"
    ],
    "content-hash": "7b7884e55b127728dc954331820c4739",
    "packages": [
        {
            "name": "ezyang/htmlpurifier",
            "version": "v4.11.0",
            "source": {
                "type": "git",
                "url": "https://github.com/ezyang/htmlpurifier.git",
                "reference": "83ab08bc1af7d808a9e0fbf024f1c24bfd73c0a7"
            },
            "dist": {
                "type": "zip",
                "url": "https://api.github.com/repos/ezyang/htmlpurifier/zipball/83ab08bc1af7d808a9e0fbf024f1c24bfd73c0a7",
                "reference": "83ab08bc1af7d808a9e0fbf024f1c24bfd73c0a7",
                "shasum": ""
            },
            "require": {
                "php": ">=5.2"
            },
            "require-dev": {
                "simpletest/simpletest": "dev-master#72de02a7b80c6bb8864ef9bf66d41d2f58f826bd"
            },
            "type": "library",
            "autoload": {
                "psr-0": {
                    "HTMLPurifier": "library/"
                },
                "files": [
                    "library/HTMLPurifier.composer.php"
                ]
            },
            "notification-url": "https://packagist.org/downloads/",
            "license": [
                "LGPL-2.1-or-later"
            ],
            "authors": [
                {
                    "name": "Edward Z. Yang",
                    "email": "admin@htmlpurifier.org",
                    "homepage": "http://ezyang.com"
                }
            ],
            "description": "Standards compliant HTML filter written in PHP",
            "homepage": "http://htmlpurifier.org/",
            "keywords": [
                "html"
            ],
            "time": "2019-07-14T18:58:38+00:00"
        },
        {
            "name": "lampager/lampager",
            "version": "v0.4.0",
            "source": {
                "type": "git",
                "url": "https://github.com/lampager/lampager.git",
                "reference": "91677f6fad08bcf6185d153b345accd5cb37655f"
            },
            "dist": {
                "type": "zip",
                "url": "https://api.github.com/repos/lampager/lampager/zipball/91677f6fad08bcf6185d153b345accd5cb37655f",
                "reference": "91677f6fad08bcf6185d153b345accd5cb37655f",
                "shasum": ""
            },
            "require": {
                "php": "^5.6 || ^7.0"
            },
            "require-dev": {
                "codeception/specify": "^0.4.6",
                "nilportugues/sql-query-formatter": "^1.2",
                "php-coveralls/php-coveralls": "^1.0",
                "phpunit/phpunit": "^6.4"
            },
            "type": "library",
            "autoload": {
                "psr-4": {
                    "Lampager\\": "src/"
                }
            },
            "notification-url": "https://packagist.org/downloads/",
            "license": [
                "MIT"
            ],
            "authors": [
                {
                    "name": "mpyw",
                    "email": "ryosuke_i_628@yahoo.co.jp"
                }
            ],
            "description": "Rapid pagination without using OFFSET",
            "keywords": [
                "limit",
                "offset",
                "pagination",
                "paginator"
            ],
            "time": "2018-06-01T06:47:40+00:00"
        },
        {
            "name": "pear/pager",
            "version": "v2.5.0",
            "source": {
                "type": "git",
                "url": "https://github.com/pear/Pager.git",
                "reference": "c71b2b07e73f8afc998f9b1e90fd1c9777e5d345"
            },
            "dist": {
                "type": "zip",
                "url": "https://api.github.com/repos/pear/Pager/zipball/c71b2b07e73f8afc998f9b1e90fd1c9777e5d345",
                "reference": "c71b2b07e73f8afc998f9b1e90fd1c9777e5d345",
                "shasum": ""
            },
            "require-dev": {
                "simpletest/simpletest": "~1.1"
            },
            "type": "library",
            "autoload": {
                "psr-0": {
                    "Pager": "./"
                }
            },
            "notification-url": "https://packagist.org/downloads/",
            "include-path": [
                "./"
            ],
            "license": [
                "BSD"
            ],
            "authors": [
                {
                    "name": "Lorenzo Alberton",
                    "role": "Lead",
                    "email": "l.alberton@quipo.it"
                },
                {
                    "name": "Richard Heyes",
                    "role": "Lead",
                    "email": "richard@phpguru.org"
                }
            ],
            "description": "Data paging class",
            "homepage": "http://pear.php.net/package/Pager",
            "time": "2017-06-19T15:45:20+00:00"
        },
        {
            "name": "phpmailer/phpmailer",
            "version": "v6.1.4",
            "source": {
                "type": "git",
                "url": "https://github.com/PHPMailer/PHPMailer.git",
                "reference": "c5e61d0729507049cec9673aa1a679f9adefd683"
            },
            "dist": {
                "type": "zip",
                "url": "https://api.github.com/repos/PHPMailer/PHPMailer/zipball/c5e61d0729507049cec9673aa1a679f9adefd683",
                "reference": "c5e61d0729507049cec9673aa1a679f9adefd683",
                "shasum": ""
            },
            "require": {
                "ext-ctype": "*",
                "ext-filter": "*",
                "php": ">=5.5.0"
            },
            "require-dev": {
                "doctrine/annotations": "^1.2",
                "friendsofphp/php-cs-fixer": "^2.2",
                "phpunit/phpunit": "^4.8 || ^5.7"
            },
            "suggest": {
                "ext-mbstring": "Needed to send email in multibyte encoding charset",
                "hayageek/oauth2-yahoo": "Needed for Yahoo XOAUTH2 authentication",
                "league/oauth2-google": "Needed for Google XOAUTH2 authentication",
                "psr/log": "For optional PSR-3 debug logging",
                "stevenmaguire/oauth2-microsoft": "Needed for Microsoft XOAUTH2 authentication",
                "symfony/polyfill-mbstring": "To support UTF-8 if the Mbstring PHP extension is not enabled (^1.2)"
            },
            "type": "library",
            "autoload": {
                "psr-4": {
                    "PHPMailer\\PHPMailer\\": "src/"
                }
            },
            "notification-url": "https://packagist.org/downloads/",
            "license": [
                "LGPL-2.1-only"
            ],
            "authors": [
                {
                    "name": "Marcus Bointon",
                    "email": "phpmailer@synchromedia.co.uk"
                },
                {
                    "name": "Jim Jagielski",
                    "email": "jimjag@gmail.com"
                },
                {
                    "name": "Andy Prevost",
                    "email": "codeworxtech@users.sourceforge.net"
                },
                {
                    "name": "Brent R. Matzelle"
                }
            ],
            "description": "PHPMailer is a full-featured email creation and transfer class for PHP",
            "time": "2019-12-10T11:17:38+00:00"
        }
    ],
    "packages-dev": [],
    "aliases": [],
    "minimum-stability": "stable",
    "stability-flags": [],
    "prefer-stable": false,
    "prefer-lowest": false,
    "platform": [],
    "platform-dev": []
}
